// !$*UTF8*$!
{
	archiveVersion = 1;
	classes = {
	};
	objectVersion = 48;
	objects = {

/* Begin PBXBuildFile section */
		1F014A8620266CAF00D3A303 /* Solution1.cpp in Sources */ = {isa = PBXBuildFile; fileRef = 1F014A8420266CAF00D3A303 /* Solution1.cpp */; };
		1F014A8D202682F300D3A303 /* Solution2.cpp in Sources */ = {isa = PBXBuildFile; fileRef = 1F014A8B202682F300D3A303 /* Solution2.cpp */; };
		1F234F40204B531A00E8CB9C /* MergeSortedFilesTests.cpp in Sources */ = {isa = PBXBuildFile; fileRef = 1F234F3F204B531A00E8CB9C /* MergeSortedFilesTests.cpp */; };
		1F234F44204B54EE00E8CB9C /* Solution1.cpp in Sources */ = {isa = PBXBuildFile; fileRef = 1F234F42204B54EE00E8CB9C /* Solution1.cpp */; };
		1F234F45204B54EE00E8CB9C /* Solution1.cpp in Sources */ = {isa = PBXBuildFile; fileRef = 1F234F42204B54EE00E8CB9C /* Solution1.cpp */; };
		1F260EF420310094004503B8 /* Solution1.cpp in Sources */ = {isa = PBXBuildFile; fileRef = 1F260EF220310094004503B8 /* Solution1.cpp */; };
		1F260EF6203102E7004503B8 /* InterconvertStringsAndIntegers.cpp in Sources */ = {isa = PBXBuildFile; fileRef = 1F260EF5203102E7004503B8 /* InterconvertStringsAndIntegers.cpp */; };
		1F260EF7203103A0004503B8 /* Solution1.cpp in Sources */ = {isa = PBXBuildFile; fileRef = 1F260EF220310094004503B8 /* Solution1.cpp */; };
		1F2DD8AE2030F06700009B8B /* BuyAndSellAStockOnceTests.cpp in Sources */ = {isa = PBXBuildFile; fileRef = 1F2DD8AD2030F06700009B8B /* BuyAndSellAStockOnceTests.cpp */; };
		1F2DD8B22030F2E300009B8B /* Solution1.cpp in Sources */ = {isa = PBXBuildFile; fileRef = 1F2DD8B02030F2E300009B8B /* Solution1.cpp */; };
		1F2DD8B32030F41000009B8B /* Solution1.cpp in Sources */ = {isa = PBXBuildFile; fileRef = 1F2DD8B02030F2E300009B8B /* Solution1.cpp */; };
		1F354738203B4AC300EA9D40 /* Solution1.cpp in Sources */ = {isa = PBXBuildFile; fileRef = 1F354735203B4AC300EA9D40 /* Solution1.cpp */; };
		1F35473B203B4B0800EA9D40 /* MergeTwoSortedListsTests.cpp in Sources */ = {isa = PBXBuildFile; fileRef = 1F35473A203B4B0800EA9D40 /* MergeTwoSortedListsTests.cpp */; };
		1F35473C203B508D00EA9D40 /* Solution1.cpp in Sources */ = {isa = PBXBuildFile; fileRef = 1F354735203B4AC300EA9D40 /* Solution1.cpp */; };
		1F37D3922055FFF200873AB0 /* IsAnonymousLetterConstructibleTests.cpp in Sources */ = {isa = PBXBuildFile; fileRef = 1F37D3912055FFF200873AB0 /* IsAnonymousLetterConstructibleTests.cpp */; };
		1F37D3952055FFFD00873AB0 /* Solution1.cpp in Sources */ = {isa = PBXBuildFile; fileRef = 1F37D3932055FFFD00873AB0 /* Solution1.cpp */; };
		1F37D3962055FFFD00873AB0 /* Solution1.cpp in Sources */ = {isa = PBXBuildFile; fileRef = 1F37D3932055FFFD00873AB0 /* Solution1.cpp */; };
		1F4062AF205DC3F100D24A65 /* Solution2.cpp in Sources */ = {isa = PBXBuildFile; fileRef = 1F4062AD205DC3F100D24A65 /* Solution2.cpp */; };
		1F4062B0205DC3F100D24A65 /* Solution2.cpp in Sources */ = {isa = PBXBuildFile; fileRef = 1F4062AD205DC3F100D24A65 /* Solution2.cpp */; };
		1F4559762041FF58000E7D8C /* StackWithMaxTests.cpp in Sources */ = {isa = PBXBuildFile; fileRef = 1F4559752041FF58000E7D8C /* StackWithMaxTests.cpp */; };
		1F4751D1205C5D84007728FA /* SortedIntersectionTests.cpp in Sources */ = {isa = PBXBuildFile; fileRef = 1F4751D0205C5D84007728FA /* SortedIntersectionTests.cpp */; };
		1F4751D5205C5FEB007728FA /* Solution1.cpp in Sources */ = {isa = PBXBuildFile; fileRef = 1F4751D3205C5FEB007728FA /* Solution1.cpp */; };
		1F4751D6205C5FEB007728FA /* Solution1.cpp in Sources */ = {isa = PBXBuildFile; fileRef = 1F4751D3205C5FEB007728FA /* Solution1.cpp */; };
		1F5E174B208BC7D0007B6C99 /* ThreeSum.cpp in Sources */ = {isa = PBXBuildFile; fileRef = 1F5E174A208BC7D0007B6C99 /* ThreeSum.cpp */; };
		1F5E174C208BC7D0007B6C99 /* ThreeSum.cpp in Sources */ = {isa = PBXBuildFile; fileRef = 1F5E174A208BC7D0007B6C99 /* ThreeSum.cpp */; };
		1F5E174F208BC96C007B6C99 /* ThreeSum.cpp in Sources */ = {isa = PBXBuildFile; fileRef = 1F5E174D208BC96C007B6C99 /* ThreeSum.cpp */; };
		1F5E1750208BC96C007B6C99 /* ThreeSum.cpp in Sources */ = {isa = PBXBuildFile; fileRef = 1F5E174D208BC96C007B6C99 /* ThreeSum.cpp */; };
		1F5E1756208CF686007B6C99 /* SearchAMaze.cpp in Sources */ = {isa = PBXBuildFile; fileRef = 1F5E1755208CF686007B6C99 /* SearchAMaze.cpp */; };
		1F5E1757208CF686007B6C99 /* SearchAMaze.cpp in Sources */ = {isa = PBXBuildFile; fileRef = 1F5E1755208CF686007B6C99 /* SearchAMaze.cpp */; };
		1F5E175B208CF6A6007B6C99 /* Solution1.cpp in Sources */ = {isa = PBXBuildFile; fileRef = 1F5E1759208CF6A6007B6C99 /* Solution1.cpp */; };
		1F5E175C208CF6A6007B6C99 /* Solution1.cpp in Sources */ = {isa = PBXBuildFile; fileRef = 1F5E1759208CF6A6007B6C99 /* Solution1.cpp */; };
		1F5F20F1202FADF000B7439B /* Solution1.cpp in Sources */ = {isa = PBXBuildFile; fileRef = 1FC453502013B9FC00DBF2B2 /* Solution1.cpp */; };
		1F5F20F2202FADF000B7439B /* Solution2.cpp in Sources */ = {isa = PBXBuildFile; fileRef = 1FC4535B2013CC2600DBF2B2 /* Solution2.cpp */; };
		1F5F20F3202FADF000B7439B /* Solution3.cpp in Sources */ = {isa = PBXBuildFile; fileRef = 1F817BDF201407AD004B1C9D /* Solution3.cpp */; };
		1F5F20F4202FADF000B7439B /* Solution1.cpp in Sources */ = {isa = PBXBuildFile; fileRef = 1F014A8420266CAF00D3A303 /* Solution1.cpp */; };
		1F5F20F5202FADF000B7439B /* Solution2.cpp in Sources */ = {isa = PBXBuildFile; fileRef = 1F014A8B202682F300D3A303 /* Solution2.cpp */; };
		1F5F20F6202FADF000B7439B /* Solution3.cpp in Sources */ = {isa = PBXBuildFile; fileRef = 1FDCFB9A2026B9AC00F0332F /* Solution3.cpp */; };
		1F5F20F7202FAE8800B7439B /* ParityOfAWordTests.cpp in Sources */ = {isa = PBXBuildFile; fileRef = 1F5F20EF202FAC0C00B7439B /* ParityOfAWordTests.cpp */; };
		1F5F20FF202FB55500B7439B /* DutchFlagProblemTests.cpp in Sources */ = {isa = PBXBuildFile; fileRef = 1F5F20FE202FB55500B7439B /* DutchFlagProblemTests.cpp */; };
		1F60B70020439676001DC75C /* IsHeightBalancedTests.cpp in Sources */ = {isa = PBXBuildFile; fileRef = 1F60B6FF20439676001DC75C /* IsHeightBalancedTests.cpp */; };
		1F60B70120439676001DC75C /* IsHeightBalancedTests.cpp in Sources */ = {isa = PBXBuildFile; fileRef = 1F60B6FF20439676001DC75C /* IsHeightBalancedTests.cpp */; };
		1F6FE384205DB85B00A30DFB /* IsBSTTests.cpp in Sources */ = {isa = PBXBuildFile; fileRef = 1F6FE383205DB85B00A30DFB /* IsBSTTests.cpp */; };
		1F6FE387205DB86900A30DFB /* Solution1.cpp in Sources */ = {isa = PBXBuildFile; fileRef = 1F6FE385205DB86900A30DFB /* Solution1.cpp */; };
		1F6FE388205DB86900A30DFB /* Solution1.cpp in Sources */ = {isa = PBXBuildFile; fileRef = 1F6FE385205DB86900A30DFB /* Solution1.cpp */; };
		1F817BE1201407AD004B1C9D /* Solution3.cpp in Sources */ = {isa = PBXBuildFile; fileRef = 1F817BDF201407AD004B1C9D /* Solution3.cpp */; };
		1F921BD7204C7DDE0091CFC5 /* Solution1.cpp in Sources */ = {isa = PBXBuildFile; fileRef = 1F921BD5204C7DDE0091CFC5 /* Solution1.cpp */; };
		1F921BD8204C7DDE0091CFC5 /* Solution1.cpp in Sources */ = {isa = PBXBuildFile; fileRef = 1F921BD5204C7DDE0091CFC5 /* Solution1.cpp */; };
		1F921BDB204C819E0091CFC5 /* SearchSortedForFirstOccurrence.cpp in Sources */ = {isa = PBXBuildFile; fileRef = 1F921BDA204C819E0091CFC5 /* SearchSortedForFirstOccurrence.cpp */; };
		1F921BDC204C819E0091CFC5 /* SearchSortedForFirstOccurrence.cpp in Sources */ = {isa = PBXBuildFile; fileRef = 1F921BDA204C819E0091CFC5 /* SearchSortedForFirstOccurrence.cpp */; };
		1FAB069C206872FF007DFF69 /* Solution1.cpp in Sources */ = {isa = PBXBuildFile; fileRef = 1FAB069A206872FF007DFF69 /* Solution1.cpp */; };
		1FAB069D206872FF007DFF69 /* Solution1.cpp in Sources */ = {isa = PBXBuildFile; fileRef = 1FAB069A206872FF007DFF69 /* Solution1.cpp */; };
		1FAB06A0206874C3007DFF69 /* TowersOfHanoi.cpp in Sources */ = {isa = PBXBuildFile; fileRef = 1FAB069F206874C3007DFF69 /* TowersOfHanoi.cpp */; };
		1FAB06A1206874C3007DFF69 /* TowersOfHanoi.cpp in Sources */ = {isa = PBXBuildFile; fileRef = 1FAB069F206874C3007DFF69 /* TowersOfHanoi.cpp */; };
		1FB389962031217000DD5CE6 /* Solution2.cpp in Sources */ = {isa = PBXBuildFile; fileRef = 1FB389942031217000DD5CE6 /* Solution2.cpp */; };
		1FB389972031217000DD5CE6 /* Solution2.cpp in Sources */ = {isa = PBXBuildFile; fileRef = 1FB389942031217000DD5CE6 /* Solution2.cpp */; };
		1FC453482013B92E00DBF2B2 /* main.cpp in Sources */ = {isa = PBXBuildFile; fileRef = 1FC453472013B92E00DBF2B2 /* main.cpp */; };
		1FC453522013B9FC00DBF2B2 /* Solution1.cpp in Sources */ = {isa = PBXBuildFile; fileRef = 1FC453502013B9FC00DBF2B2 /* Solution1.cpp */; };
		1FC4535D2013CC2600DBF2B2 /* Solution2.cpp in Sources */ = {isa = PBXBuildFile; fileRef = 1FC4535B2013CC2600DBF2B2 /* Solution2.cpp */; };
		1FDCFB9C2026B9AC00F0332F /* Solution3.cpp in Sources */ = {isa = PBXBuildFile; fileRef = 1FDCFB9A2026B9AC00F0332F /* Solution3.cpp */; };
		1FE1DBA8205434A80092368A /* HasPalindromicPermutationTests.cpp in Sources */ = {isa = PBXBuildFile; fileRef = 1FE1DBA7205434A80092368A /* HasPalindromicPermutationTests.cpp */; };
		1FE1DBAC205434C00092368A /* Solution1.cpp in Sources */ = {isa = PBXBuildFile; fileRef = 1FE1DBAA205434C00092368A /* Solution1.cpp */; };
		1FE1DBAD205434C00092368A /* Solution1.cpp in Sources */ = {isa = PBXBuildFile; fileRef = 1FE1DBAA205434C00092368A /* Solution1.cpp */; };
		1FF2CA9320279DA500801650 /* main.cpp in Sources */ = {isa = PBXBuildFile; fileRef = 1FF2CA9220279DA500801650 /* main.cpp */; };
		1FF2CA9820279DB300801650 /* gtest.framework in Frameworks */ = {isa = PBXBuildFile; fileRef = 1FF2CA8B20279D6D00801650 /* gtest.framework */; };
/* End PBXBuildFile section */

/* Begin PBXCopyFilesBuildPhase section */
		1FC453422013B92E00DBF2B2 /* CopyFiles */ = {
			isa = PBXCopyFilesBuildPhase;
			buildActionMask = 2147483647;
			dstPath = /usr/share/man/man1/;
			dstSubfolderSpec = 0;
			files = (
			);
			runOnlyForDeploymentPostprocessing = 1;
		};
		1FF2CA8E20279DA500801650 /* CopyFiles */ = {
			isa = PBXCopyFilesBuildPhase;
			buildActionMask = 2147483647;
			dstPath = /usr/share/man/man1/;
			dstSubfolderSpec = 0;
			files = (
			);
			runOnlyForDeploymentPostprocessing = 1;
		};
/* End PBXCopyFilesBuildPhase section */

/* Begin PBXFileReference section */
		1F014A8420266CAF00D3A303 /* Solution1.cpp */ = {isa = PBXFileReference; lastKnownFileType = sourcecode.cpp.cpp; path = Solution1.cpp; sourceTree = "<group>"; };
		1F014A8520266CAF00D3A303 /* Solution1.hpp */ = {isa = PBXFileReference; lastKnownFileType = sourcecode.cpp.h; path = Solution1.hpp; sourceTree = "<group>"; };
		1F014A8B202682F300D3A303 /* Solution2.cpp */ = {isa = PBXFileReference; lastKnownFileType = sourcecode.cpp.cpp; path = Solution2.cpp; sourceTree = "<group>"; };
		1F014A8C202682F300D3A303 /* Solution2.hpp */ = {isa = PBXFileReference; lastKnownFileType = sourcecode.cpp.h; path = Solution2.hpp; sourceTree = "<group>"; };
		1F234F3F204B531A00E8CB9C /* MergeSortedFilesTests.cpp */ = {isa = PBXFileReference; lastKnownFileType = sourcecode.cpp.cpp; path = MergeSortedFilesTests.cpp; sourceTree = "<group>"; };
		1F234F42204B54EE00E8CB9C /* Solution1.cpp */ = {isa = PBXFileReference; lastKnownFileType = sourcecode.cpp.cpp; path = Solution1.cpp; sourceTree = "<group>"; };
		1F234F43204B54EE00E8CB9C /* Solution1.hpp */ = {isa = PBXFileReference; lastKnownFileType = sourcecode.cpp.h; path = Solution1.hpp; sourceTree = "<group>"; };
		1F260EF220310094004503B8 /* Solution1.cpp */ = {isa = PBXFileReference; lastKnownFileType = sourcecode.cpp.cpp; path = Solution1.cpp; sourceTree = "<group>"; };
		1F260EF320310094004503B8 /* Solution1.hpp */ = {isa = PBXFileReference; lastKnownFileType = sourcecode.cpp.h; path = Solution1.hpp; sourceTree = "<group>"; };
		1F260EF5203102E7004503B8 /* InterconvertStringsAndIntegers.cpp */ = {isa = PBXFileReference; lastKnownFileType = sourcecode.cpp.cpp; path = InterconvertStringsAndIntegers.cpp; sourceTree = "<group>"; };
		1F2DD8AD2030F06700009B8B /* BuyAndSellAStockOnceTests.cpp */ = {isa = PBXFileReference; lastKnownFileType = sourcecode.cpp.cpp; path = BuyAndSellAStockOnceTests.cpp; sourceTree = "<group>"; };
		1F2DD8B02030F2E300009B8B /* Solution1.cpp */ = {isa = PBXFileReference; lastKnownFileType = sourcecode.cpp.cpp; path = Solution1.cpp; sourceTree = "<group>"; };
		1F2DD8B12030F2E300009B8B /* Solution1.hpp */ = {isa = PBXFileReference; lastKnownFileType = sourcecode.cpp.h; path = Solution1.hpp; sourceTree = "<group>"; };
		1F354735203B4AC300EA9D40 /* Solution1.cpp */ = {isa = PBXFileReference; fileEncoding = 4; lastKnownFileType = sourcecode.cpp.cpp; path = Solution1.cpp; sourceTree = "<group>"; };
		1F354736203B4AC300EA9D40 /* Solution1.hpp */ = {isa = PBXFileReference; fileEncoding = 4; lastKnownFileType = sourcecode.cpp.h; path = Solution1.hpp; sourceTree = "<group>"; };
		1F354737203B4AC300EA9D40 /* ListNode.hpp */ = {isa = PBXFileReference; fileEncoding = 4; lastKnownFileType = sourcecode.cpp.h; path = ListNode.hpp; sourceTree = "<group>"; };
		1F35473A203B4B0800EA9D40 /* MergeTwoSortedListsTests.cpp */ = {isa = PBXFileReference; lastKnownFileType = sourcecode.cpp.cpp; path = MergeTwoSortedListsTests.cpp; sourceTree = "<group>"; };
		1F35473E203B578600EA9D40 /* ListNodeUtils.hpp */ = {isa = PBXFileReference; lastKnownFileType = sourcecode.cpp.h; path = ListNodeUtils.hpp; sourceTree = "<group>"; };
		1F37D3912055FFF200873AB0 /* IsAnonymousLetterConstructibleTests.cpp */ = {isa = PBXFileReference; lastKnownFileType = sourcecode.cpp.cpp; path = IsAnonymousLetterConstructibleTests.cpp; sourceTree = "<group>"; };
		1F37D3932055FFFD00873AB0 /* Solution1.cpp */ = {isa = PBXFileReference; lastKnownFileType = sourcecode.cpp.cpp; path = Solution1.cpp; sourceTree = "<group>"; };
		1F37D3942055FFFD00873AB0 /* Solution1.hpp */ = {isa = PBXFileReference; lastKnownFileType = sourcecode.cpp.h; path = Solution1.hpp; sourceTree = "<group>"; };
		1F4062AD205DC3F100D24A65 /* Solution2.cpp */ = {isa = PBXFileReference; lastKnownFileType = sourcecode.cpp.cpp; path = Solution2.cpp; sourceTree = "<group>"; };
		1F4062AE205DC3F100D24A65 /* Solution2.hpp */ = {isa = PBXFileReference; lastKnownFileType = sourcecode.cpp.h; path = Solution2.hpp; sourceTree = "<group>"; };
		1F4559752041FF58000E7D8C /* StackWithMaxTests.cpp */ = {isa = PBXFileReference; lastKnownFileType = sourcecode.cpp.cpp; path = StackWithMaxTests.cpp; sourceTree = "<group>"; };
		1F4559792041FF75000E7D8C /* Solution1.hpp */ = {isa = PBXFileReference; lastKnownFileType = sourcecode.cpp.h; path = Solution1.hpp; sourceTree = "<group>"; };
		1F4751D0205C5D84007728FA /* SortedIntersectionTests.cpp */ = {isa = PBXFileReference; lastKnownFileType = sourcecode.cpp.cpp; path = SortedIntersectionTests.cpp; sourceTree = "<group>"; };
		1F4751D3205C5FEB007728FA /* Solution1.cpp */ = {isa = PBXFileReference; lastKnownFileType = sourcecode.cpp.cpp; path = Solution1.cpp; sourceTree = "<group>"; };
		1F4751D4205C5FEB007728FA /* Solution1.hpp */ = {isa = PBXFileReference; lastKnownFileType = sourcecode.cpp.h; path = Solution1.hpp; sourceTree = "<group>"; };
		1F5E174A208BC7D0007B6C99 /* ThreeSum.cpp */ = {isa = PBXFileReference; lastKnownFileType = sourcecode.cpp.cpp; path = ThreeSum.cpp; sourceTree = "<group>"; };
		1F5E174D208BC96C007B6C99 /* ThreeSum.cpp */ = {isa = PBXFileReference; lastKnownFileType = sourcecode.cpp.cpp; path = ThreeSum.cpp; sourceTree = "<group>"; };
		1F5E174E208BC96C007B6C99 /* ThreeSum.hpp */ = {isa = PBXFileReference; lastKnownFileType = sourcecode.cpp.h; path = ThreeSum.hpp; sourceTree = "<group>"; };
		1F5E1755208CF686007B6C99 /* SearchAMaze.cpp */ = {isa = PBXFileReference; lastKnownFileType = sourcecode.cpp.cpp; path = SearchAMaze.cpp; sourceTree = "<group>"; };
		1F5E1759208CF6A6007B6C99 /* Solution1.cpp */ = {isa = PBXFileReference; lastKnownFileType = sourcecode.cpp.cpp; path = Solution1.cpp; sourceTree = "<group>"; };
		1F5E175A208CF6A6007B6C99 /* Solution1.hpp */ = {isa = PBXFileReference; lastKnownFileType = sourcecode.cpp.h; path = Solution1.hpp; sourceTree = "<group>"; };
		1F5E1761208CF71F007B6C99 /* Vertex.hpp */ = {isa = PBXFileReference; lastKnownFileType = sourcecode.cpp.h; path = Vertex.hpp; sourceTree = "<group>"; };
		1F5E1766208CF7FB007B6C99 /* Maze.hpp */ = {isa = PBXFileReference; lastKnownFileType = sourcecode.cpp.h; path = Maze.hpp; sourceTree = "<group>"; };
		1F5E176A208CF891007B6C99 /* Color.hpp */ = {isa = PBXFileReference; lastKnownFileType = sourcecode.cpp.h; path = Color.hpp; sourceTree = "<group>"; };
		1F5F20EF202FAC0C00B7439B /* ParityOfAWordTests.cpp */ = {isa = PBXFileReference; lastKnownFileType = sourcecode.cpp.cpp; path = ParityOfAWordTests.cpp; sourceTree = "<group>"; };
		1F5F20FE202FB55500B7439B /* DutchFlagProblemTests.cpp */ = {isa = PBXFileReference; lastKnownFileType = sourcecode.cpp.cpp; path = DutchFlagProblemTests.cpp; sourceTree = "<group>"; };
		1F60B6FC2043954C001DC75C /* BinaryTreeNode.hpp */ = {isa = PBXFileReference; lastKnownFileType = sourcecode.cpp.h; path = BinaryTreeNode.hpp; sourceTree = "<group>"; };
		1F60B6FF20439676001DC75C /* IsHeightBalancedTests.cpp */ = {isa = PBXFileReference; lastKnownFileType = sourcecode.cpp.cpp; path = IsHeightBalancedTests.cpp; sourceTree = "<group>"; };
		1F60B70320439A1F001DC75C /* Solution1.hpp */ = {isa = PBXFileReference; lastKnownFileType = sourcecode.cpp.h; path = Solution1.hpp; sourceTree = "<group>"; };
		1F6FE383205DB85B00A30DFB /* IsBSTTests.cpp */ = {isa = PBXFileReference; lastKnownFileType = sourcecode.cpp.cpp; path = IsBSTTests.cpp; sourceTree = "<group>"; };
		1F6FE385205DB86900A30DFB /* Solution1.cpp */ = {isa = PBXFileReference; lastKnownFileType = sourcecode.cpp.cpp; path = Solution1.cpp; sourceTree = "<group>"; };
		1F6FE386205DB86900A30DFB /* Solution1.hpp */ = {isa = PBXFileReference; lastKnownFileType = sourcecode.cpp.h; path = Solution1.hpp; sourceTree = "<group>"; };
		1F817BDF201407AD004B1C9D /* Solution3.cpp */ = {isa = PBXFileReference; lastKnownFileType = sourcecode.cpp.cpp; path = Solution3.cpp; sourceTree = "<group>"; };
		1F817BE0201407AD004B1C9D /* Solution3.hpp */ = {isa = PBXFileReference; lastKnownFileType = sourcecode.cpp.h; path = Solution3.hpp; sourceTree = "<group>"; };
		1F921BD5204C7DDE0091CFC5 /* Solution1.cpp */ = {isa = PBXFileReference; lastKnownFileType = sourcecode.cpp.cpp; path = Solution1.cpp; sourceTree = "<group>"; };
		1F921BD6204C7DDE0091CFC5 /* Solution1.hpp */ = {isa = PBXFileReference; lastKnownFileType = sourcecode.cpp.h; path = Solution1.hpp; sourceTree = "<group>"; };
		1F921BDA204C819E0091CFC5 /* SearchSortedForFirstOccurrence.cpp */ = {isa = PBXFileReference; lastKnownFileType = sourcecode.cpp.cpp; path = SearchSortedForFirstOccurrence.cpp; sourceTree = "<group>"; };
		1FAB069A206872FF007DFF69 /* Solution1.cpp */ = {isa = PBXFileReference; lastKnownFileType = sourcecode.cpp.cpp; path = Solution1.cpp; sourceTree = "<group>"; };
		1FAB069B206872FF007DFF69 /* Solution1.hpp */ = {isa = PBXFileReference; lastKnownFileType = sourcecode.cpp.h; path = Solution1.hpp; sourceTree = "<group>"; };
		1FAB069F206874C3007DFF69 /* TowersOfHanoi.cpp */ = {isa = PBXFileReference; lastKnownFileType = sourcecode.cpp.cpp; path = TowersOfHanoi.cpp; sourceTree = "<group>"; };
		1FB389942031217000DD5CE6 /* Solution2.cpp */ = {isa = PBXFileReference; lastKnownFileType = sourcecode.cpp.cpp; path = Solution2.cpp; sourceTree = "<group>"; };
		1FB389952031217000DD5CE6 /* Solution2.hpp */ = {isa = PBXFileReference; lastKnownFileType = sourcecode.cpp.h; path = Solution2.hpp; sourceTree = "<group>"; };
		1FC453442013B92E00DBF2B2 /* EPI */ = {isa = PBXFileReference; explicitFileType = "compiled.mach-o.executable"; includeInIndex = 0; path = EPI; sourceTree = BUILT_PRODUCTS_DIR; };
		1FC453472013B92E00DBF2B2 /* main.cpp */ = {isa = PBXFileReference; lastKnownFileType = sourcecode.cpp.cpp; path = main.cpp; sourceTree = "<group>"; };
		1FC453502013B9FC00DBF2B2 /* Solution1.cpp */ = {isa = PBXFileReference; lastKnownFileType = sourcecode.cpp.cpp; path = Solution1.cpp; sourceTree = "<group>"; };
		1FC453512013B9FC00DBF2B2 /* Solution1.hpp */ = {isa = PBXFileReference; lastKnownFileType = sourcecode.cpp.h; path = Solution1.hpp; sourceTree = "<group>"; };
		1FC4535A2013C56E00DBF2B2 /* README.md */ = {isa = PBXFileReference; lastKnownFileType = net.daringfireball.markdown; path = README.md; sourceTree = "<group>"; };
		1FC4535B2013CC2600DBF2B2 /* Solution2.cpp */ = {isa = PBXFileReference; lastKnownFileType = sourcecode.cpp.cpp; path = Solution2.cpp; sourceTree = "<group>"; };
		1FC4535C2013CC2600DBF2B2 /* Solution2.hpp */ = {isa = PBXFileReference; lastKnownFileType = sourcecode.cpp.h; path = Solution2.hpp; sourceTree = "<group>"; };
		1FDCFB9A2026B9AC00F0332F /* Solution3.cpp */ = {isa = PBXFileReference; lastKnownFileType = sourcecode.cpp.cpp; path = Solution3.cpp; sourceTree = "<group>"; };
		1FDCFB9B2026B9AC00F0332F /* Solution3.hpp */ = {isa = PBXFileReference; lastKnownFileType = sourcecode.cpp.h; path = Solution3.hpp; sourceTree = "<group>"; };
		1FE1DBA7205434A80092368A /* HasPalindromicPermutationTests.cpp */ = {isa = PBXFileReference; lastKnownFileType = sourcecode.cpp.cpp; path = HasPalindromicPermutationTests.cpp; sourceTree = "<group>"; };
		1FE1DBAA205434C00092368A /* Solution1.cpp */ = {isa = PBXFileReference; lastKnownFileType = sourcecode.cpp.cpp; path = Solution1.cpp; sourceTree = "<group>"; };
		1FE1DBAB205434C00092368A /* Solution1.hpp */ = {isa = PBXFileReference; lastKnownFileType = sourcecode.cpp.h; path = Solution1.hpp; sourceTree = "<group>"; };
		1FF2CA8B20279D6D00801650 /* gtest.framework */ = {isa = PBXFileReference; lastKnownFileType = wrapper.framework; path = gtest.framework; sourceTree = "<group>"; };
		1FF2CA9020279DA500801650 /* UnitTests */ = {isa = PBXFileReference; explicitFileType = "compiled.mach-o.executable"; includeInIndex = 0; path = UnitTests; sourceTree = BUILT_PRODUCTS_DIR; };
		1FF2CA9220279DA500801650 /* main.cpp */ = {isa = PBXFileReference; lastKnownFileType = sourcecode.cpp.cpp; path = main.cpp; sourceTree = "<group>"; };
/* End PBXFileReference section */

/* Begin PBXFrameworksBuildPhase section */
		1FC453412013B92E00DBF2B2 /* Frameworks */ = {
			isa = PBXFrameworksBuildPhase;
			buildActionMask = 2147483647;
			files = (
			);
			runOnlyForDeploymentPostprocessing = 0;
		};
		1FF2CA8D20279DA500801650 /* Frameworks */ = {
			isa = PBXFrameworksBuildPhase;
			buildActionMask = 2147483647;
			files = (
				1FF2CA9820279DB300801650 /* gtest.framework in Frameworks */,
			);
			runOnlyForDeploymentPostprocessing = 0;
		};
/* End PBXFrameworksBuildPhase section */

/* Begin PBXGroup section */
		1F014A8220266C8E00D3A303 /* Arrays */ = {
			isa = PBXGroup;
			children = (
				1F2DD8AF2030F2CB00009B8B /* BuyAndSellAStockOnce */,
				1F014A8320266C9700D3A303 /* DutchFlagProblem */,
			);
			path = Arrays;
			sourceTree = "<group>";
		};
		1F014A8320266C9700D3A303 /* DutchFlagProblem */ = {
			isa = PBXGroup;
			children = (
				1F014A8420266CAF00D3A303 /* Solution1.cpp */,
				1F014A8520266CAF00D3A303 /* Solution1.hpp */,
				1F014A8B202682F300D3A303 /* Solution2.cpp */,
				1F014A8C202682F300D3A303 /* Solution2.hpp */,
				1FDCFB9A2026B9AC00F0332F /* Solution3.cpp */,
				1FDCFB9B2026B9AC00F0332F /* Solution3.hpp */,
			);
			path = DutchFlagProblem;
			sourceTree = "<group>";
		};
		1F234F3D204B52EA00E8CB9C /* Heaps */ = {
			isa = PBXGroup;
			children = (
				1F234F41204B54DE00E8CB9C /* MergeSortedFiles */,
			);
			path = Heaps;
			sourceTree = "<group>";
		};
		1F234F3E204B52FA00E8CB9C /* Heaps */ = {
			isa = PBXGroup;
			children = (
				1F234F3F204B531A00E8CB9C /* MergeSortedFilesTests.cpp */,
			);
			path = Heaps;
			sourceTree = "<group>";
		};
		1F234F41204B54DE00E8CB9C /* MergeSortedFiles */ = {
			isa = PBXGroup;
			children = (
				1F234F42204B54EE00E8CB9C /* Solution1.cpp */,
				1F234F43204B54EE00E8CB9C /* Solution1.hpp */,
			);
			path = MergeSortedFiles;
			sourceTree = "<group>";
		};
		1F260EEF20310021004503B8 /* Strings */ = {
			isa = PBXGroup;
			children = (
				1F260EF12031006F004503B8 /* InterconvertStringsAndIntegers */,
			);
			path = Strings;
			sourceTree = "<group>";
		};
		1F260EF020310053004503B8 /* Strings */ = {
			isa = PBXGroup;
			children = (
				1F260EF5203102E7004503B8 /* InterconvertStringsAndIntegers.cpp */,
			);
			path = Strings;
			sourceTree = "<group>";
		};
		1F260EF12031006F004503B8 /* InterconvertStringsAndIntegers */ = {
			isa = PBXGroup;
			children = (
				1F260EF220310094004503B8 /* Solution1.cpp */,
				1F260EF320310094004503B8 /* Solution1.hpp */,
				1FB389942031217000DD5CE6 /* Solution2.cpp */,
				1FB389952031217000DD5CE6 /* Solution2.hpp */,
			);
			path = InterconvertStringsAndIntegers;
			sourceTree = "<group>";
		};
		1F2DD8AF2030F2CB00009B8B /* BuyAndSellAStockOnce */ = {
			isa = PBXGroup;
			children = (
				1F2DD8B02030F2E300009B8B /* Solution1.cpp */,
				1F2DD8B12030F2E300009B8B /* Solution1.hpp */,
			);
			path = BuyAndSellAStockOnce;
			sourceTree = "<group>";
		};
		1F354733203B4AC300EA9D40 /* LinkedLists */ = {
			isa = PBXGroup;
			children = (
				1F354734203B4AC300EA9D40 /* MergeTwoSortedLists */,
				1F354737203B4AC300EA9D40 /* ListNode.hpp */,
				1F35473E203B578600EA9D40 /* ListNodeUtils.hpp */,
			);
			path = LinkedLists;
			sourceTree = "<group>";
		};
		1F354734203B4AC300EA9D40 /* MergeTwoSortedLists */ = {
			isa = PBXGroup;
			children = (
				1F354735203B4AC300EA9D40 /* Solution1.cpp */,
				1F354736203B4AC300EA9D40 /* Solution1.hpp */,
			);
			path = MergeTwoSortedLists;
			sourceTree = "<group>";
		};
		1F354739203B4ADF00EA9D40 /* LinkedLists */ = {
			isa = PBXGroup;
			children = (
				1F35473A203B4B0800EA9D40 /* MergeTwoSortedListsTests.cpp */,
			);
			path = LinkedLists;
			sourceTree = "<group>";
		};
		1F37D38E2055FFB400873AB0 /* IsAnonymousLetterConstructible */ = {
			isa = PBXGroup;
			children = (
				1F37D3932055FFFD00873AB0 /* Solution1.cpp */,
				1F37D3942055FFFD00873AB0 /* Solution1.hpp */,
			);
			path = IsAnonymousLetterConstructible;
			sourceTree = "<group>";
		};
		1F4559732041FF26000E7D8C /* StacksAndQueues */ = {
			isa = PBXGroup;
			children = (
				1F4559772041FF66000E7D8C /* StackWithMax */,
			);
			path = StacksAndQueues;
			sourceTree = "<group>";
		};
		1F4559742041FF39000E7D8C /* StacksAndQueues */ = {
			isa = PBXGroup;
			children = (
				1F4559752041FF58000E7D8C /* StackWithMaxTests.cpp */,
			);
			path = StacksAndQueues;
			sourceTree = "<group>";
		};
		1F4559772041FF66000E7D8C /* StackWithMax */ = {
			isa = PBXGroup;
			children = (
				1F4559792041FF75000E7D8C /* Solution1.hpp */,
			);
			path = StackWithMax;
			sourceTree = "<group>";
		};
		1F4751CD205C5D3B007728FA /* Sorting */ = {
			isa = PBXGroup;
			children = (
				1F4751D2205C5FDC007728FA /* SortedIntersection */,
			);
			path = Sorting;
			sourceTree = "<group>";
		};
		1F4751CE205C5D44007728FA /* Sorting */ = {
			isa = PBXGroup;
			children = (
				1F4751D0205C5D84007728FA /* SortedIntersectionTests.cpp */,
			);
			path = Sorting;
			sourceTree = "<group>";
		};
		1F4751D2205C5FDC007728FA /* SortedIntersection */ = {
			isa = PBXGroup;
			children = (
				1F4751D3205C5FEB007728FA /* Solution1.cpp */,
				1F4751D4205C5FEB007728FA /* Solution1.hpp */,
			);
			path = SortedIntersection;
			sourceTree = "<group>";
		};
		1F5E1748208BC793007B6C99 /* GreedyAlgorithmsAndInvariants */ = {
			isa = PBXGroup;
			children = (
				1F5E174D208BC96C007B6C99 /* ThreeSum.cpp */,
				1F5E174E208BC96C007B6C99 /* ThreeSum.hpp */,
			);
			path = GreedyAlgorithmsAndInvariants;
			sourceTree = "<group>";
		};
		1F5E1749208BC7AD007B6C99 /* GreedyAlgorithmsAndInvariants */ = {
			isa = PBXGroup;
			children = (
				1F5E174A208BC7D0007B6C99 /* ThreeSum.cpp */,
			);
			path = GreedyAlgorithmsAndInvariants;
			sourceTree = "<group>";
		};
		1F5E1751208CF61C007B6C99 /* Graphs */ = {
			isa = PBXGroup;
			children = (
				1F5E1758208CF699007B6C99 /* SearchAMaze */,
			);
			path = Graphs;
			sourceTree = "<group>";
		};
		1F5E1752208CF627007B6C99 /* DynamicProgramming */ = {
			isa = PBXGroup;
			children = (
			);
			path = DynamicProgramming;
			sourceTree = "<group>";
		};
		1F5E1753208CF64C007B6C99 /* DynamicProgramming */ = {
			isa = PBXGroup;
			children = (
			);
			path = DynamicProgramming;
			sourceTree = "<group>";
		};
		1F5E1754208CF658007B6C99 /* Graphs */ = {
			isa = PBXGroup;
			children = (
				1F5E1755208CF686007B6C99 /* SearchAMaze.cpp */,
			);
			path = Graphs;
			sourceTree = "<group>";
		};
		1F5E1758208CF699007B6C99 /* SearchAMaze */ = {
			isa = PBXGroup;
			children = (
				1F5E1759208CF6A6007B6C99 /* Solution1.cpp */,
				1F5E175A208CF6A6007B6C99 /* Solution1.hpp */,
				1F5E176A208CF891007B6C99 /* Color.hpp */,
				1F5E1766208CF7FB007B6C99 /* Maze.hpp */,
				1F5E1761208CF71F007B6C99 /* Vertex.hpp */,
			);
			path = SearchAMaze;
			sourceTree = "<group>";
		};
		1F5F20ED202FABF300B7439B /* PrimitiveTypes */ = {
			isa = PBXGroup;
			children = (
				1F5F20EF202FAC0C00B7439B /* ParityOfAWordTests.cpp */,
			);
			path = PrimitiveTypes;
			sourceTree = "<group>";
		};
		1F5F20FD202FB53E00B7439B /* Arrays */ = {
			isa = PBXGroup;
			children = (
				1F5F20FE202FB55500B7439B /* DutchFlagProblemTests.cpp */,
				1F2DD8AD2030F06700009B8B /* BuyAndSellAStockOnceTests.cpp */,
			);
			path = Arrays;
			sourceTree = "<group>";
		};
		1F60B6F8204394E4001DC75C /* BinaryTrees */ = {
			isa = PBXGroup;
			children = (
				1F60B6FA20439511001DC75C /* IsHeightBalanced */,
			);
			path = BinaryTrees;
			sourceTree = "<group>";
		};
		1F60B6F9204394FE001DC75C /* BinaryTrees */ = {
			isa = PBXGroup;
			children = (
				1F60B6FF20439676001DC75C /* IsHeightBalancedTests.cpp */,
			);
			path = BinaryTrees;
			sourceTree = "<group>";
		};
		1F60B6FA20439511001DC75C /* IsHeightBalanced */ = {
			isa = PBXGroup;
			children = (
				1F60B70320439A1F001DC75C /* Solution1.hpp */,
			);
			path = IsHeightBalanced;
			sourceTree = "<group>";
		};
		1F6FE37D205DB81500A30DFB /* BinarySearchTrees */ = {
			isa = PBXGroup;
			children = (
				1F6FE383205DB85B00A30DFB /* IsBSTTests.cpp */,
			);
			path = BinarySearchTrees;
			sourceTree = "<group>";
		};
		1F6FE37E205DB82200A30DFB /* BinarySearchTrees */ = {
			isa = PBXGroup;
			children = (
				1F6FE37F205DB83300A30DFB /* IsBST */,
			);
			path = BinarySearchTrees;
			sourceTree = "<group>";
		};
		1F6FE37F205DB83300A30DFB /* IsBST */ = {
			isa = PBXGroup;
			children = (
				1F6FE385205DB86900A30DFB /* Solution1.cpp */,
				1F6FE386205DB86900A30DFB /* Solution1.hpp */,
				1F4062AD205DC3F100D24A65 /* Solution2.cpp */,
				1F4062AE205DC3F100D24A65 /* Solution2.hpp */,
			);
			path = IsBST;
			sourceTree = "<group>";
		};
		1F6FE389205DB88300A30DFB /* Common */ = {
			isa = PBXGroup;
			children = (
				1F60B6FC2043954C001DC75C /* BinaryTreeNode.hpp */,
			);
			path = Common;
			sourceTree = "<group>";
		};
		1F921BD2204C7D9F0091CFC5 /* Searching */ = {
			isa = PBXGroup;
			children = (
				1F921BDA204C819E0091CFC5 /* SearchSortedForFirstOccurrence.cpp */,
			);
			path = Searching;
			sourceTree = "<group>";
		};
		1F921BD3204C7DB60091CFC5 /* Searching */ = {
			isa = PBXGroup;
			children = (
				1F921BD4204C7DBF0091CFC5 /* SearchSortedForFirstOccurrence */,
			);
			path = Searching;
			sourceTree = "<group>";
		};
		1F921BD4204C7DBF0091CFC5 /* SearchSortedForFirstOccurrence */ = {
			isa = PBXGroup;
			children = (
				1F921BD5204C7DDE0091CFC5 /* Solution1.cpp */,
				1F921BD6204C7DDE0091CFC5 /* Solution1.hpp */,
			);
			path = SearchSortedForFirstOccurrence;
			sourceTree = "<group>";
		};
		1FAB0698206872DD007DFF69 /* Recursion */ = {
			isa = PBXGroup;
			children = (
				1FAB0699206872E8007DFF69 /* TowersOfHanoi */,
			);
			path = Recursion;
			sourceTree = "<group>";
		};
		1FAB0699206872E8007DFF69 /* TowersOfHanoi */ = {
			isa = PBXGroup;
			children = (
				1FAB069A206872FF007DFF69 /* Solution1.cpp */,
				1FAB069B206872FF007DFF69 /* Solution1.hpp */,
			);
			path = TowersOfHanoi;
			sourceTree = "<group>";
		};
		1FAB069E206874B3007DFF69 /* Recursion */ = {
			isa = PBXGroup;
			children = (
				1FAB069F206874C3007DFF69 /* TowersOfHanoi.cpp */,
			);
			path = Recursion;
			sourceTree = "<group>";
		};
		1FC4533B2013B92E00DBF2B2 = {
			isa = PBXGroup;
			children = (
				1FC453462013B92E00DBF2B2 /* EPI */,
				1FF2CA9120279DA500801650 /* UnitTests */,
				1FC453452013B92E00DBF2B2 /* Products */,
				1FF2CA9720279DB300801650 /* Frameworks */,
			);
			sourceTree = "<group>";
		};
		1FC453452013B92E00DBF2B2 /* Products */ = {
			isa = PBXGroup;
			children = (
				1FC453442013B92E00DBF2B2 /* EPI */,
				1FF2CA9020279DA500801650 /* UnitTests */,
			);
			name = Products;
			sourceTree = "<group>";
		};
		1FC453462013B92E00DBF2B2 /* EPI */ = {
			isa = PBXGroup;
			children = (
				1F6FE389205DB88300A30DFB /* Common */,
				1F014A8220266C8E00D3A303 /* Arrays */,
				1FC4534E2013B97100DBF2B2 /* PrimitiveTypes */,
				1F260EEF20310021004503B8 /* Strings */,
				1F354733203B4AC300EA9D40 /* LinkedLists */,
				1F4559732041FF26000E7D8C /* StacksAndQueues */,
				1F60B6F8204394E4001DC75C /* BinaryTrees */,
				1F234F3D204B52EA00E8CB9C /* Heaps */,
				1F921BD3204C7DB60091CFC5 /* Searching */,
				1FE1DBA5205434730092368A /* HashTables */,
				1F4751CD205C5D3B007728FA /* Sorting */,
				1F6FE37E205DB82200A30DFB /* BinarySearchTrees */,
				1FAB0698206872DD007DFF69 /* Recursion */,
				1F5E1752208CF627007B6C99 /* DynamicProgramming */,
				1F5E1748208BC793007B6C99 /* GreedyAlgorithmsAndInvariants */,
				1F5E1751208CF61C007B6C99 /* Graphs */,
				1FC453472013B92E00DBF2B2 /* main.cpp */,
				1FC4535A2013C56E00DBF2B2 /* README.md */,
			);
			path = EPI;
			sourceTree = "<group>";
		};
		1FC4534E2013B97100DBF2B2 /* PrimitiveTypes */ = {
			isa = PBXGroup;
			children = (
				1FC4534F2013B98000DBF2B2 /* ParityOfAWord */,
			);
			path = PrimitiveTypes;
			sourceTree = "<group>";
		};
		1FC4534F2013B98000DBF2B2 /* ParityOfAWord */ = {
			isa = PBXGroup;
			children = (
				1FC453502013B9FC00DBF2B2 /* Solution1.cpp */,
				1FC453512013B9FC00DBF2B2 /* Solution1.hpp */,
				1FC4535B2013CC2600DBF2B2 /* Solution2.cpp */,
				1FC4535C2013CC2600DBF2B2 /* Solution2.hpp */,
				1F817BDF201407AD004B1C9D /* Solution3.cpp */,
				1F817BE0201407AD004B1C9D /* Solution3.hpp */,
			);
			path = ParityOfAWord;
			sourceTree = "<group>";
		};
		1FE1DBA5205434730092368A /* HashTables */ = {
			isa = PBXGroup;
			children = (
				1FE1DBA9205434AB0092368A /* HasPalindromicPermutation */,
				1F37D38E2055FFB400873AB0 /* IsAnonymousLetterConstructible */,
			);
			path = HashTables;
			sourceTree = "<group>";
		};
		1FE1DBA62054347F0092368A /* HashTables */ = {
			isa = PBXGroup;
			children = (
				1FE1DBA7205434A80092368A /* HasPalindromicPermutationTests.cpp */,
				1F37D3912055FFF200873AB0 /* IsAnonymousLetterConstructibleTests.cpp */,
			);
			path = HashTables;
			sourceTree = "<group>";
		};
		1FE1DBA9205434AB0092368A /* HasPalindromicPermutation */ = {
			isa = PBXGroup;
			children = (
				1FE1DBAA205434C00092368A /* Solution1.cpp */,
				1FE1DBAB205434C00092368A /* Solution1.hpp */,
			);
			path = HasPalindromicPermutation;
			sourceTree = "<group>";
		};
		1FF2CA9120279DA500801650 /* UnitTests */ = {
			isa = PBXGroup;
			children = (
				1F5F20FD202FB53E00B7439B /* Arrays */,
				1F5F20ED202FABF300B7439B /* PrimitiveTypes */,
				1F260EF020310053004503B8 /* Strings */,
				1F354739203B4ADF00EA9D40 /* LinkedLists */,
				1F4559742041FF39000E7D8C /* StacksAndQueues */,
				1F60B6F9204394FE001DC75C /* BinaryTrees */,
				1F234F3E204B52FA00E8CB9C /* Heaps */,
				1F921BD2204C7D9F0091CFC5 /* Searching */,
				1FE1DBA62054347F0092368A /* HashTables */,
				1F4751CE205C5D44007728FA /* Sorting */,
				1F6FE37D205DB81500A30DFB /* BinarySearchTrees */,
				1FAB069E206874B3007DFF69 /* Recursion */,
				1F5E1753208CF64C007B6C99 /* DynamicProgramming */,
				1F5E1749208BC7AD007B6C99 /* GreedyAlgorithmsAndInvariants */,
				1F5E1754208CF658007B6C99 /* Graphs */,
				1FF2CA9220279DA500801650 /* main.cpp */,
			);
			path = UnitTests;
			sourceTree = "<group>";
		};
		1FF2CA9720279DB300801650 /* Frameworks */ = {
			isa = PBXGroup;
			children = (
				1FF2CA8B20279D6D00801650 /* gtest.framework */,
			);
			name = Frameworks;
			sourceTree = "<group>";
		};
/* End PBXGroup section */

/* Begin PBXNativeTarget section */
		1FC453432013B92E00DBF2B2 /* EPI */ = {
			isa = PBXNativeTarget;
			buildConfigurationList = 1FC4534B2013B92E00DBF2B2 /* Build configuration list for PBXNativeTarget "EPI" */;
			buildPhases = (
				1FC453402013B92E00DBF2B2 /* Sources */,
				1FC453412013B92E00DBF2B2 /* Frameworks */,
				1FC453422013B92E00DBF2B2 /* CopyFiles */,
			);
			buildRules = (
			);
			dependencies = (
			);
			name = EPI;
			productName = EPI;
			productReference = 1FC453442013B92E00DBF2B2 /* EPI */;
			productType = "com.apple.product-type.tool";
		};
		1FF2CA8F20279DA500801650 /* UnitTests */ = {
			isa = PBXNativeTarget;
			buildConfigurationList = 1FF2CA9420279DA500801650 /* Build configuration list for PBXNativeTarget "UnitTests" */;
			buildPhases = (
				1FF2CA8C20279DA500801650 /* Sources */,
				1FF2CA8D20279DA500801650 /* Frameworks */,
				1FF2CA8E20279DA500801650 /* CopyFiles */,
			);
			buildRules = (
			);
			dependencies = (
			);
			name = UnitTests;
			productName = UnitTests;
			productReference = 1FF2CA9020279DA500801650 /* UnitTests */;
			productType = "com.apple.product-type.tool";
		};
/* End PBXNativeTarget section */

/* Begin PBXProject section */
		1FC4533C2013B92E00DBF2B2 /* Project object */ = {
			isa = PBXProject;
			attributes = {
				LastUpgradeCheck = 0920;
				ORGANIZATIONNAME = "Chris (Murim) Park";
				TargetAttributes = {
					1FC453432013B92E00DBF2B2 = {
						CreatedOnToolsVersion = 9.2;
						ProvisioningStyle = Automatic;
					};
					1FF2CA8F20279DA500801650 = {
						CreatedOnToolsVersion = 9.2;
						ProvisioningStyle = Automatic;
					};
				};
			};
			buildConfigurationList = 1FC4533F2013B92E00DBF2B2 /* Build configuration list for PBXProject "EPI" */;
			compatibilityVersion = "Xcode 8.0";
			developmentRegion = en;
			hasScannedForEncodings = 0;
			knownRegions = (
				en,
			);
			mainGroup = 1FC4533B2013B92E00DBF2B2;
			productRefGroup = 1FC453452013B92E00DBF2B2 /* Products */;
			projectDirPath = "";
			projectRoot = "";
			targets = (
				1FC453432013B92E00DBF2B2 /* EPI */,
				1FF2CA8F20279DA500801650 /* UnitTests */,
			);
		};
/* End PBXProject section */

/* Begin PBXSourcesBuildPhase section */
		1FC453402013B92E00DBF2B2 /* Sources */ = {
			isa = PBXSourcesBuildPhase;
			buildActionMask = 2147483647;
			files = (
				1F4751D5205C5FEB007728FA /* Solution1.cpp in Sources */,
				1F260EF420310094004503B8 /* Solution1.cpp in Sources */,
				1F6FE387205DB86900A30DFB /* Solution1.cpp in Sources */,
				1F014A8620266CAF00D3A303 /* Solution1.cpp in Sources */,
				1F817BE1201407AD004B1C9D /* Solution3.cpp in Sources */,
				1FB389962031217000DD5CE6 /* Solution2.cpp in Sources */,
				1F5E1756208CF686007B6C99 /* SearchAMaze.cpp in Sources */,
				1F354738203B4AC300EA9D40 /* Solution1.cpp in Sources */,
				1FC4535D2013CC2600DBF2B2 /* Solution2.cpp in Sources */,
				1F921BDB204C819E0091CFC5 /* SearchSortedForFirstOccurrence.cpp in Sources */,
				1F014A8D202682F300D3A303 /* Solution2.cpp in Sources */,
				1F5E174F208BC96C007B6C99 /* ThreeSum.cpp in Sources */,
				1F2DD8B22030F2E300009B8B /* Solution1.cpp in Sources */,
				1F60B70020439676001DC75C /* IsHeightBalancedTests.cpp in Sources */,
				1F234F44204B54EE00E8CB9C /* Solution1.cpp in Sources */,
				1FAB069C206872FF007DFF69 /* Solution1.cpp in Sources */,
				1FAB06A0206874C3007DFF69 /* TowersOfHanoi.cpp in Sources */,
				1F4062AF205DC3F100D24A65 /* Solution2.cpp in Sources */,
				1FDCFB9C2026B9AC00F0332F /* Solution3.cpp in Sources */,
				1FE1DBAC205434C00092368A /* Solution1.cpp in Sources */,
				1FC453522013B9FC00DBF2B2 /* Solution1.cpp in Sources */,
				1F5E174B208BC7D0007B6C99 /* ThreeSum.cpp in Sources */,
				1F5E175B208CF6A6007B6C99 /* Solution1.cpp in Sources */,
				1F921BD7204C7DDE0091CFC5 /* Solution1.cpp in Sources */,
				1FC453482013B92E00DBF2B2 /* main.cpp in Sources */,
				1F37D3952055FFFD00873AB0 /* Solution1.cpp in Sources */,
			);
			runOnlyForDeploymentPostprocessing = 0;
		};
		1FF2CA8C20279DA500801650 /* Sources */ = {
			isa = PBXSourcesBuildPhase;
			buildActionMask = 2147483647;
			files = (
				1F234F45204B54EE00E8CB9C /* Solution1.cpp in Sources */,
				1F35473C203B508D00EA9D40 /* Solution1.cpp in Sources */,
				1F260EF7203103A0004503B8 /* Solution1.cpp in Sources */,
				1F6FE388205DB86900A30DFB /* Solution1.cpp in Sources */,
				1F5E1757208CF686007B6C99 /* SearchAMaze.cpp in Sources */,
				1F2DD8B32030F41000009B8B /* Solution1.cpp in Sources */,
				1F2DD8AE2030F06700009B8B /* BuyAndSellAStockOnceTests.cpp in Sources */,
				1F5F20F1202FADF000B7439B /* Solution1.cpp in Sources */,
				1FE1DBA8205434A80092368A /* HasPalindromicPermutationTests.cpp in Sources */,
				1F921BDC204C819E0091CFC5 /* SearchSortedForFirstOccurrence.cpp in Sources */,
				1F234F40204B531A00E8CB9C /* MergeSortedFilesTests.cpp in Sources */,
				1F5E174C208BC7D0007B6C99 /* ThreeSum.cpp in Sources */,
				1FAB069D206872FF007DFF69 /* Solution1.cpp in Sources */,
				1F5F20F2202FADF000B7439B /* Solution2.cpp in Sources */,
				1F35473B203B4B0800EA9D40 /* MergeTwoSortedListsTests.cpp in Sources */,
				1F260EF6203102E7004503B8 /* InterconvertStringsAndIntegers.cpp in Sources */,
				1F4751D6205C5FEB007728FA /* Solution1.cpp in Sources */,
				1F5E1750208BC96C007B6C99 /* ThreeSum.cpp in Sources */,
				1FE1DBAD205434C00092368A /* Solution1.cpp in Sources */,
				1F60B70120439676001DC75C /* IsHeightBalancedTests.cpp in Sources */,
				1F4559762041FF58000E7D8C /* StackWithMaxTests.cpp in Sources */,
				1F5E175C208CF6A6007B6C99 /* Solution1.cpp in Sources */,
				1F4062B0205DC3F100D24A65 /* Solution2.cpp in Sources */,
				1F921BD8204C7DDE0091CFC5 /* Solution1.cpp in Sources */,
				1F5F20F3202FADF000B7439B /* Solution3.cpp in Sources */,
				1F6FE384205DB85B00A30DFB /* IsBSTTests.cpp in Sources */,
				1F5F20F4202FADF000B7439B /* Solution1.cpp in Sources */,
				1F5F20F5202FADF000B7439B /* Solution2.cpp in Sources */,
				1F5F20F7202FAE8800B7439B /* ParityOfAWordTests.cpp in Sources */,
				1FAB06A1206874C3007DFF69 /* TowersOfHanoi.cpp in Sources */,
				1F4751D1205C5D84007728FA /* SortedIntersectionTests.cpp in Sources */,
				1F5F20FF202FB55500B7439B /* DutchFlagProblemTests.cpp in Sources */,
				1FB389972031217000DD5CE6 /* Solution2.cpp in Sources */,
				1F37D3962055FFFD00873AB0 /* Solution1.cpp in Sources */,
				1F5F20F6202FADF000B7439B /* Solution3.cpp in Sources */,
				1FF2CA9320279DA500801650 /* main.cpp in Sources */,
				1F37D3922055FFF200873AB0 /* IsAnonymousLetterConstructibleTests.cpp in Sources */,
			);
			runOnlyForDeploymentPostprocessing = 0;
		};
/* End PBXSourcesBuildPhase section */

/* Begin XCBuildConfiguration section */
		1FC453492013B92E00DBF2B2 /* Debug */ = {
			isa = XCBuildConfiguration;
			buildSettings = {
				ALWAYS_SEARCH_USER_PATHS = NO;
				CLANG_ANALYZER_NONNULL = YES;
				CLANG_ANALYZER_NUMBER_OBJECT_CONVERSION = YES_AGGRESSIVE;
				CLANG_CXX_LANGUAGE_STANDARD = "gnu++14";
				CLANG_CXX_LIBRARY = "libc++";
				CLANG_ENABLE_MODULES = YES;
				CLANG_ENABLE_OBJC_ARC = YES;
				CLANG_WARN_BLOCK_CAPTURE_AUTORELEASING = YES;
				CLANG_WARN_BOOL_CONVERSION = YES;
				CLANG_WARN_COMMA = YES;
				CLANG_WARN_CONSTANT_CONVERSION = YES;
				CLANG_WARN_DIRECT_OBJC_ISA_USAGE = YES_ERROR;
				CLANG_WARN_DOCUMENTATION_COMMENTS = YES;
				CLANG_WARN_EMPTY_BODY = YES;
				CLANG_WARN_ENUM_CONVERSION = YES;
				CLANG_WARN_INFINITE_RECURSION = YES;
				CLANG_WARN_INT_CONVERSION = YES;
				CLANG_WARN_NON_LITERAL_NULL_CONVERSION = YES;
				CLANG_WARN_OBJC_LITERAL_CONVERSION = YES;
				CLANG_WARN_OBJC_ROOT_CLASS = YES_ERROR;
				CLANG_WARN_RANGE_LOOP_ANALYSIS = YES;
				CLANG_WARN_STRICT_PROTOTYPES = YES;
				CLANG_WARN_SUSPICIOUS_MOVE = YES;
				CLANG_WARN_UNGUARDED_AVAILABILITY = YES_AGGRESSIVE;
				CLANG_WARN_UNREACHABLE_CODE = YES;
				CLANG_WARN__DUPLICATE_METHOD_MATCH = YES;
				CODE_SIGN_IDENTITY = "-";
				COPY_PHASE_STRIP = NO;
				DEBUG_INFORMATION_FORMAT = dwarf;
				ENABLE_STRICT_OBJC_MSGSEND = YES;
				ENABLE_TESTABILITY = YES;
				GCC_C_LANGUAGE_STANDARD = gnu11;
				GCC_DYNAMIC_NO_PIC = NO;
				GCC_NO_COMMON_BLOCKS = YES;
				GCC_OPTIMIZATION_LEVEL = 0;
				GCC_PREPROCESSOR_DEFINITIONS = (
					"DEBUG=1",
					"$(inherited)",
				);
				GCC_WARN_64_TO_32_BIT_CONVERSION = YES;
				GCC_WARN_ABOUT_RETURN_TYPE = YES_ERROR;
				GCC_WARN_UNDECLARED_SELECTOR = YES;
				GCC_WARN_UNINITIALIZED_AUTOS = YES_AGGRESSIVE;
				GCC_WARN_UNUSED_FUNCTION = YES;
				GCC_WARN_UNUSED_VARIABLE = YES;
				MACOSX_DEPLOYMENT_TARGET = 10.13;
				MTL_ENABLE_DEBUG_INFO = YES;
				ONLY_ACTIVE_ARCH = YES;
				SDKROOT = macosx;
			};
			name = Debug;
		};
		1FC4534A2013B92E00DBF2B2 /* Release */ = {
			isa = XCBuildConfiguration;
			buildSettings = {
				ALWAYS_SEARCH_USER_PATHS = NO;
				CLANG_ANALYZER_NONNULL = YES;
				CLANG_ANALYZER_NUMBER_OBJECT_CONVERSION = YES_AGGRESSIVE;
				CLANG_CXX_LANGUAGE_STANDARD = "gnu++14";
				CLANG_CXX_LIBRARY = "libc++";
				CLANG_ENABLE_MODULES = YES;
				CLANG_ENABLE_OBJC_ARC = YES;
				CLANG_WARN_BLOCK_CAPTURE_AUTORELEASING = YES;
				CLANG_WARN_BOOL_CONVERSION = YES;
				CLANG_WARN_COMMA = YES;
				CLANG_WARN_CONSTANT_CONVERSION = YES;
				CLANG_WARN_DIRECT_OBJC_ISA_USAGE = YES_ERROR;
				CLANG_WARN_DOCUMENTATION_COMMENTS = YES;
				CLANG_WARN_EMPTY_BODY = YES;
				CLANG_WARN_ENUM_CONVERSION = YES;
				CLANG_WARN_INFINITE_RECURSION = YES;
				CLANG_WARN_INT_CONVERSION = YES;
				CLANG_WARN_NON_LITERAL_NULL_CONVERSION = YES;
				CLANG_WARN_OBJC_LITERAL_CONVERSION = YES;
				CLANG_WARN_OBJC_ROOT_CLASS = YES_ERROR;
				CLANG_WARN_RANGE_LOOP_ANALYSIS = YES;
				CLANG_WARN_STRICT_PROTOTYPES = YES;
				CLANG_WARN_SUSPICIOUS_MOVE = YES;
				CLANG_WARN_UNGUARDED_AVAILABILITY = YES_AGGRESSIVE;
				CLANG_WARN_UNREACHABLE_CODE = YES;
				CLANG_WARN__DUPLICATE_METHOD_MATCH = YES;
				CODE_SIGN_IDENTITY = "-";
				COPY_PHASE_STRIP = NO;
				DEBUG_INFORMATION_FORMAT = "dwarf-with-dsym";
				ENABLE_NS_ASSERTIONS = NO;
				ENABLE_STRICT_OBJC_MSGSEND = YES;
				GCC_C_LANGUAGE_STANDARD = gnu11;
				GCC_NO_COMMON_BLOCKS = YES;
				GCC_WARN_64_TO_32_BIT_CONVERSION = YES;
				GCC_WARN_ABOUT_RETURN_TYPE = YES_ERROR;
				GCC_WARN_UNDECLARED_SELECTOR = YES;
				GCC_WARN_UNINITIALIZED_AUTOS = YES_AGGRESSIVE;
				GCC_WARN_UNUSED_FUNCTION = YES;
				GCC_WARN_UNUSED_VARIABLE = YES;
				MACOSX_DEPLOYMENT_TARGET = 10.13;
				MTL_ENABLE_DEBUG_INFO = NO;
				SDKROOT = macosx;
			};
			name = Release;
		};
		1FC4534C2013B92E00DBF2B2 /* Debug */ = {
			isa = XCBuildConfiguration;
			buildSettings = {
				CODE_SIGN_STYLE = Automatic;
				FRAMEWORK_SEARCH_PATHS = (
					"$(inherited)",
					"$(PROJECT_DIR)",
				);
				PRODUCT_NAME = "$(TARGET_NAME)";
			};
			name = Debug;
		};
		1FC4534D2013B92E00DBF2B2 /* Release */ = {
			isa = XCBuildConfiguration;
			buildSettings = {
				CODE_SIGN_STYLE = Automatic;
				FRAMEWORK_SEARCH_PATHS = (
					"$(inherited)",
					"$(PROJECT_DIR)",
				);
				PRODUCT_NAME = "$(TARGET_NAME)";
			};
			name = Release;
		};
		1FF2CA9520279DA500801650 /* Debug */ = {
			isa = XCBuildConfiguration;
			buildSettings = {
				CODE_SIGN_STYLE = Automatic;
				FRAMEWORK_SEARCH_PATHS = (
					"$(inherited)",
					"$(PROJECT_DIR)",
				);
				PRODUCT_NAME = "$(TARGET_NAME)";
			};
			name = Debug;
		};
		1FF2CA9620279DA500801650 /* Release */ = {
			isa = XCBuildConfiguration;
			buildSettings = {
				CODE_SIGN_STYLE = Automatic;
				FRAMEWORK_SEARCH_PATHS = (
					"$(inherited)",
					"$(PROJECT_DIR)",
				);
				PRODUCT_NAME = "$(TARGET_NAME)";
			};
			name = Release;
		};
/* End XCBuildConfiguration section */

/* Begin XCConfigurationList section */
		1FC4533F2013B92E00DBF2B2 /* Build configuration list for PBXProject "EPI" */ = {
			isa = XCConfigurationList;
			buildConfigurations = (
				1FC453492013B92E00DBF2B2 /* Debug */,
				1FC4534A2013B92E00DBF2B2 /* Release */,
			);
			defaultConfigurationIsVisible = 0;
			defaultConfigurationName = Release;
		};
		1FC4534B2013B92E00DBF2B2 /* Build configuration list for PBXNativeTarget "EPI" */ = {
			isa = XCConfigurationList;
			buildConfigurations = (
				1FC4534C2013B92E00DBF2B2 /* Debug */,
				1FC4534D2013B92E00DBF2B2 /* Release */,
			);
			defaultConfigurationIsVisible = 0;
			defaultConfigurationName = Release;
		};
		1FF2CA9420279DA500801650 /* Build configuration list for PBXNativeTarget "UnitTests" */ = {
			isa = XCConfigurationList;
			buildConfigurations = (
				1FF2CA9520279DA500801650 /* Debug */,
				1FF2CA9620279DA500801650 /* Release */,
			);
			defaultConfigurationIsVisible = 0;
			defaultConfigurationName = Release;
		};
/* End XCConfigurationList section */
	};
	rootObject = 1FC4533C2013B92E00DBF2B2 /* Project object */;
}
