// !$*UTF8*$!
{
	archiveVersion = 1;
	classes = {
	};
	objectVersion = 48;
	objects = {

/* Begin PBXBuildFile section */
		1F014A8620266CAF00D3A303 /* Solution1.cpp in Sources */ = {isa = PBXBuildFile; fileRef = 1F014A8420266CAF00D3A303 /* Solution1.cpp */; };
		1F014A8D202682F300D3A303 /* Solution2.cpp in Sources */ = {isa = PBXBuildFile; fileRef = 1F014A8B202682F300D3A303 /* Solution2.cpp */; };
		1F2DD8AE2030F06700009B8B /* BuyAndSellAStockOnceTests.cpp in Sources */ = {isa = PBXBuildFile; fileRef = 1F2DD8AD2030F06700009B8B /* BuyAndSellAStockOnceTests.cpp */; };
		1F2DD8B22030F2E300009B8B /* Solution1.cpp in Sources */ = {isa = PBXBuildFile; fileRef = 1F2DD8B02030F2E300009B8B /* Solution1.cpp */; };
		1F2DD8B32030F41000009B8B /* Solution1.cpp in Sources */ = {isa = PBXBuildFile; fileRef = 1F2DD8B02030F2E300009B8B /* Solution1.cpp */; };
		1F5F20F1202FADF000B7439B /* Solution1.cpp in Sources */ = {isa = PBXBuildFile; fileRef = 1FC453502013B9FC00DBF2B2 /* Solution1.cpp */; };
		1F5F20F2202FADF000B7439B /* Solution2.cpp in Sources */ = {isa = PBXBuildFile; fileRef = 1FC4535B2013CC2600DBF2B2 /* Solution2.cpp */; };
		1F5F20F3202FADF000B7439B /* Solution3.cpp in Sources */ = {isa = PBXBuildFile; fileRef = 1F817BDF201407AD004B1C9D /* Solution3.cpp */; };
		1F5F20F4202FADF000B7439B /* Solution1.cpp in Sources */ = {isa = PBXBuildFile; fileRef = 1F014A8420266CAF00D3A303 /* Solution1.cpp */; };
		1F5F20F5202FADF000B7439B /* Solution2.cpp in Sources */ = {isa = PBXBuildFile; fileRef = 1F014A8B202682F300D3A303 /* Solution2.cpp */; };
		1F5F20F6202FADF000B7439B /* Solution3.cpp in Sources */ = {isa = PBXBuildFile; fileRef = 1FDCFB9A2026B9AC00F0332F /* Solution3.cpp */; };
		1F5F20F7202FAE8800B7439B /* ParityOfAWordTests.cpp in Sources */ = {isa = PBXBuildFile; fileRef = 1F5F20EF202FAC0C00B7439B /* ParityOfAWordTests.cpp */; };
		1F5F20FF202FB55500B7439B /* DutchFlagProblemTests.cpp in Sources */ = {isa = PBXBuildFile; fileRef = 1F5F20FE202FB55500B7439B /* DutchFlagProblemTests.cpp */; };
		1F817BE1201407AD004B1C9D /* Solution3.cpp in Sources */ = {isa = PBXBuildFile; fileRef = 1F817BDF201407AD004B1C9D /* Solution3.cpp */; };
		1FC453482013B92E00DBF2B2 /* main.cpp in Sources */ = {isa = PBXBuildFile; fileRef = 1FC453472013B92E00DBF2B2 /* main.cpp */; };
		1FC453522013B9FC00DBF2B2 /* Solution1.cpp in Sources */ = {isa = PBXBuildFile; fileRef = 1FC453502013B9FC00DBF2B2 /* Solution1.cpp */; };
		1FC4535D2013CC2600DBF2B2 /* Solution2.cpp in Sources */ = {isa = PBXBuildFile; fileRef = 1FC4535B2013CC2600DBF2B2 /* Solution2.cpp */; };
		1FDCFB9C2026B9AC00F0332F /* Solution3.cpp in Sources */ = {isa = PBXBuildFile; fileRef = 1FDCFB9A2026B9AC00F0332F /* Solution3.cpp */; };
		1FF2CA9320279DA500801650 /* main.cpp in Sources */ = {isa = PBXBuildFile; fileRef = 1FF2CA9220279DA500801650 /* main.cpp */; };
		1FF2CA9820279DB300801650 /* gtest.framework in Frameworks */ = {isa = PBXBuildFile; fileRef = 1FF2CA8B20279D6D00801650 /* gtest.framework */; };
/* End PBXBuildFile section */

/* Begin PBXCopyFilesBuildPhase section */
		1FC453422013B92E00DBF2B2 /* CopyFiles */ = {
			isa = PBXCopyFilesBuildPhase;
			buildActionMask = 2147483647;
			dstPath = /usr/share/man/man1/;
			dstSubfolderSpec = 0;
			files = (
			);
			runOnlyForDeploymentPostprocessing = 1;
		};
		1FF2CA8E20279DA500801650 /* CopyFiles */ = {
			isa = PBXCopyFilesBuildPhase;
			buildActionMask = 2147483647;
			dstPath = /usr/share/man/man1/;
			dstSubfolderSpec = 0;
			files = (
			);
			runOnlyForDeploymentPostprocessing = 1;
		};
/* End PBXCopyFilesBuildPhase section */

/* Begin PBXFileReference section */
		1F014A8420266CAF00D3A303 /* Solution1.cpp */ = {isa = PBXFileReference; lastKnownFileType = sourcecode.cpp.cpp; path = Solution1.cpp; sourceTree = "<group>"; };
		1F014A8520266CAF00D3A303 /* Solution1.hpp */ = {isa = PBXFileReference; lastKnownFileType = sourcecode.cpp.h; path = Solution1.hpp; sourceTree = "<group>"; };
		1F014A8B202682F300D3A303 /* Solution2.cpp */ = {isa = PBXFileReference; lastKnownFileType = sourcecode.cpp.cpp; path = Solution2.cpp; sourceTree = "<group>"; };
		1F014A8C202682F300D3A303 /* Solution2.hpp */ = {isa = PBXFileReference; lastKnownFileType = sourcecode.cpp.h; path = Solution2.hpp; sourceTree = "<group>"; };
		1F2DD8AD2030F06700009B8B /* BuyAndSellAStockOnceTests.cpp */ = {isa = PBXFileReference; lastKnownFileType = sourcecode.cpp.cpp; path = BuyAndSellAStockOnceTests.cpp; sourceTree = "<group>"; };
		1F2DD8B02030F2E300009B8B /* Solution1.cpp */ = {isa = PBXFileReference; lastKnownFileType = sourcecode.cpp.cpp; path = Solution1.cpp; sourceTree = "<group>"; };
		1F2DD8B12030F2E300009B8B /* Solution1.hpp */ = {isa = PBXFileReference; lastKnownFileType = sourcecode.cpp.h; path = Solution1.hpp; sourceTree = "<group>"; };
		1F5F20EF202FAC0C00B7439B /* ParityOfAWordTests.cpp */ = {isa = PBXFileReference; lastKnownFileType = sourcecode.cpp.cpp; path = ParityOfAWordTests.cpp; sourceTree = "<group>"; };
		1F5F20F8202FAF1400B7439B /* README.md */ = {isa = PBXFileReference; lastKnownFileType = net.daringfireball.markdown; path = README.md; sourceTree = "<group>"; };
		1F5F20FE202FB55500B7439B /* DutchFlagProblemTests.cpp */ = {isa = PBXFileReference; lastKnownFileType = sourcecode.cpp.cpp; path = DutchFlagProblemTests.cpp; sourceTree = "<group>"; };
		1F5F2100202FBD6000B7439B /* README.md */ = {isa = PBXFileReference; lastKnownFileType = net.daringfireball.markdown; path = README.md; sourceTree = "<group>"; };
		1F817BDF201407AD004B1C9D /* Solution3.cpp */ = {isa = PBXFileReference; lastKnownFileType = sourcecode.cpp.cpp; path = Solution3.cpp; sourceTree = "<group>"; };
		1F817BE0201407AD004B1C9D /* Solution3.hpp */ = {isa = PBXFileReference; lastKnownFileType = sourcecode.cpp.h; path = Solution3.hpp; sourceTree = "<group>"; };
		1FC453442013B92E00DBF2B2 /* EPI */ = {isa = PBXFileReference; explicitFileType = "compiled.mach-o.executable"; includeInIndex = 0; path = EPI; sourceTree = BUILT_PRODUCTS_DIR; };
		1FC453472013B92E00DBF2B2 /* main.cpp */ = {isa = PBXFileReference; lastKnownFileType = sourcecode.cpp.cpp; path = main.cpp; sourceTree = "<group>"; };
		1FC453502013B9FC00DBF2B2 /* Solution1.cpp */ = {isa = PBXFileReference; lastKnownFileType = sourcecode.cpp.cpp; path = Solution1.cpp; sourceTree = "<group>"; };
		1FC453512013B9FC00DBF2B2 /* Solution1.hpp */ = {isa = PBXFileReference; lastKnownFileType = sourcecode.cpp.h; path = Solution1.hpp; sourceTree = "<group>"; };
		1FC4535A2013C56E00DBF2B2 /* README.md */ = {isa = PBXFileReference; lastKnownFileType = net.daringfireball.markdown; path = README.md; sourceTree = "<group>"; };
		1FC4535B2013CC2600DBF2B2 /* Solution2.cpp */ = {isa = PBXFileReference; lastKnownFileType = sourcecode.cpp.cpp; path = Solution2.cpp; sourceTree = "<group>"; };
		1FC4535C2013CC2600DBF2B2 /* Solution2.hpp */ = {isa = PBXFileReference; lastKnownFileType = sourcecode.cpp.h; path = Solution2.hpp; sourceTree = "<group>"; };
		1FDCFB9A2026B9AC00F0332F /* Solution3.cpp */ = {isa = PBXFileReference; lastKnownFileType = sourcecode.cpp.cpp; path = Solution3.cpp; sourceTree = "<group>"; };
		1FDCFB9B2026B9AC00F0332F /* Solution3.hpp */ = {isa = PBXFileReference; lastKnownFileType = sourcecode.cpp.h; path = Solution3.hpp; sourceTree = "<group>"; };
		1FF2CA8B20279D6D00801650 /* gtest.framework */ = {isa = PBXFileReference; lastKnownFileType = wrapper.framework; path = gtest.framework; sourceTree = "<group>"; };
		1FF2CA9020279DA500801650 /* UnitTests */ = {isa = PBXFileReference; explicitFileType = "compiled.mach-o.executable"; includeInIndex = 0; path = UnitTests; sourceTree = BUILT_PRODUCTS_DIR; };
		1FF2CA9220279DA500801650 /* main.cpp */ = {isa = PBXFileReference; lastKnownFileType = sourcecode.cpp.cpp; path = main.cpp; sourceTree = "<group>"; };
/* End PBXFileReference section */

/* Begin PBXFrameworksBuildPhase section */
		1FC453412013B92E00DBF2B2 /* Frameworks */ = {
			isa = PBXFrameworksBuildPhase;
			buildActionMask = 2147483647;
			files = (
			);
			runOnlyForDeploymentPostprocessing = 0;
		};
		1FF2CA8D20279DA500801650 /* Frameworks */ = {
			isa = PBXFrameworksBuildPhase;
			buildActionMask = 2147483647;
			files = (
				1FF2CA9820279DB300801650 /* gtest.framework in Frameworks */,
			);
			runOnlyForDeploymentPostprocessing = 0;
		};
/* End PBXFrameworksBuildPhase section */

/* Begin PBXGroup section */
		1F014A8220266C8E00D3A303 /* Arrays */ = {
			isa = PBXGroup;
			children = (
				1F2DD8AF2030F2CB00009B8B /* BuyAndSellAStockOnce */,
				1F014A8320266C9700D3A303 /* DutchFlagProblem */,
			);
			path = Arrays;
			sourceTree = "<group>";
		};
		1F014A8320266C9700D3A303 /* DutchFlagProblem */ = {
			isa = PBXGroup;
			children = (
				1F014A8420266CAF00D3A303 /* Solution1.cpp */,
				1F014A8520266CAF00D3A303 /* Solution1.hpp */,
				1F014A8B202682F300D3A303 /* Solution2.cpp */,
				1F014A8C202682F300D3A303 /* Solution2.hpp */,
				1FDCFB9A2026B9AC00F0332F /* Solution3.cpp */,
				1FDCFB9B2026B9AC00F0332F /* Solution3.hpp */,
				1F5F2100202FBD6000B7439B /* README.md */,
			);
			path = DutchFlagProblem;
			sourceTree = "<group>";
		};
		1F2DD8AF2030F2CB00009B8B /* BuyAndSellAStockOnce */ = {
			isa = PBXGroup;
			children = (
				1F2DD8B02030F2E300009B8B /* Solution1.cpp */,
				1F2DD8B12030F2E300009B8B /* Solution1.hpp */,
			);
			path = BuyAndSellAStockOnce;
			sourceTree = "<group>";
		};
		1F5F20ED202FABF300B7439B /* PrimitiveTypes */ = {
			isa = PBXGroup;
			children = (
				1F5F20EF202FAC0C00B7439B /* ParityOfAWordTests.cpp */,
			);
			path = PrimitiveTypes;
			sourceTree = "<group>";
		};
		1F5F20FD202FB53E00B7439B /* Arrays */ = {
			isa = PBXGroup;
			children = (
				1F5F20FE202FB55500B7439B /* DutchFlagProblemTests.cpp */,
				1F2DD8AD2030F06700009B8B /* BuyAndSellAStockOnceTests.cpp */,
			);
			path = Arrays;
			sourceTree = "<group>";
		};
		1FC4533B2013B92E00DBF2B2 = {
			isa = PBXGroup;
			children = (
				1FC453462013B92E00DBF2B2 /* EPI */,
				1FF2CA9120279DA500801650 /* UnitTests */,
				1FC453452013B92E00DBF2B2 /* Products */,
				1FF2CA9720279DB300801650 /* Frameworks */,
			);
			sourceTree = "<group>";
		};
		1FC453452013B92E00DBF2B2 /* Products */ = {
			isa = PBXGroup;
			children = (
				1FC453442013B92E00DBF2B2 /* EPI */,
				1FF2CA9020279DA500801650 /* UnitTests */,
			);
			name = Products;
			sourceTree = "<group>";
		};
		1FC453462013B92E00DBF2B2 /* EPI */ = {
			isa = PBXGroup;
			children = (
				1FC4534E2013B97100DBF2B2 /* PrimitiveTypes */,
				1F014A8220266C8E00D3A303 /* Arrays */,
				1FC453472013B92E00DBF2B2 /* main.cpp */,
				1FC4535A2013C56E00DBF2B2 /* README.md */,
			);
			path = EPI;
			sourceTree = "<group>";
		};
		1FC4534E2013B97100DBF2B2 /* PrimitiveTypes */ = {
			isa = PBXGroup;
			children = (
				1FC4534F2013B98000DBF2B2 /* ParityOfAWord */,
			);
			path = PrimitiveTypes;
			sourceTree = "<group>";
		};
		1FC4534F2013B98000DBF2B2 /* ParityOfAWord */ = {
			isa = PBXGroup;
			children = (
				1FC453502013B9FC00DBF2B2 /* Solution1.cpp */,
				1FC453512013B9FC00DBF2B2 /* Solution1.hpp */,
				1FC4535B2013CC2600DBF2B2 /* Solution2.cpp */,
				1FC4535C2013CC2600DBF2B2 /* Solution2.hpp */,
				1F817BDF201407AD004B1C9D /* Solution3.cpp */,
				1F817BE0201407AD004B1C9D /* Solution3.hpp */,
				1F5F20F8202FAF1400B7439B /* README.md */,
			);
			path = ParityOfAWord;
			sourceTree = "<group>";
		};
		1FF2CA9120279DA500801650 /* UnitTests */ = {
			isa = PBXGroup;
			children = (
				1F5F20FD202FB53E00B7439B /* Arrays */,
				1F5F20ED202FABF300B7439B /* PrimitiveTypes */,
				1FF2CA9220279DA500801650 /* main.cpp */,
			);
			path = UnitTests;
			sourceTree = "<group>";
		};
		1FF2CA9720279DB300801650 /* Frameworks */ = {
			isa = PBXGroup;
			children = (
				1FF2CA8B20279D6D00801650 /* gtest.framework */,
			);
			name = Frameworks;
			sourceTree = "<group>";
		};
/* End PBXGroup section */

/* Begin PBXNativeTarget section */
		1FC453432013B92E00DBF2B2 /* EPI */ = {
			isa = PBXNativeTarget;
			buildConfigurationList = 1FC4534B2013B92E00DBF2B2 /* Build configuration list for PBXNativeTarget "EPI" */;
			buildPhases = (
				1FC453402013B92E00DBF2B2 /* Sources */,
				1FC453412013B92E00DBF2B2 /* Frameworks */,
				1FC453422013B92E00DBF2B2 /* CopyFiles */,
			);
			buildRules = (
			);
			dependencies = (
			);
			name = EPI;
			productName = EPI;
			productReference = 1FC453442013B92E00DBF2B2 /* EPI */;
			productType = "com.apple.product-type.tool";
		};
		1FF2CA8F20279DA500801650 /* UnitTests */ = {
			isa = PBXNativeTarget;
			buildConfigurationList = 1FF2CA9420279DA500801650 /* Build configuration list for PBXNativeTarget "UnitTests" */;
			buildPhases = (
				1FF2CA8C20279DA500801650 /* Sources */,
				1FF2CA8D20279DA500801650 /* Frameworks */,
				1FF2CA8E20279DA500801650 /* CopyFiles */,
			);
			buildRules = (
			);
			dependencies = (
			);
			name = UnitTests;
			productName = UnitTests;
			productReference = 1FF2CA9020279DA500801650 /* UnitTests */;
			productType = "com.apple.product-type.tool";
		};
/* End PBXNativeTarget section */

/* Begin PBXProject section */
		1FC4533C2013B92E00DBF2B2 /* Project object */ = {
			isa = PBXProject;
			attributes = {
				LastUpgradeCheck = 0920;
				ORGANIZATIONNAME = "Chris (Murim) Park";
				TargetAttributes = {
					1FC453432013B92E00DBF2B2 = {
						CreatedOnToolsVersion = 9.2;
						ProvisioningStyle = Automatic;
					};
					1FF2CA8F20279DA500801650 = {
						CreatedOnToolsVersion = 9.2;
						ProvisioningStyle = Automatic;
					};
				};
			};
			buildConfigurationList = 1FC4533F2013B92E00DBF2B2 /* Build configuration list for PBXProject "EPI" */;
			compatibilityVersion = "Xcode 8.0";
			developmentRegion = en;
			hasScannedForEncodings = 0;
			knownRegions = (
				en,
			);
			mainGroup = 1FC4533B2013B92E00DBF2B2;
			productRefGroup = 1FC453452013B92E00DBF2B2 /* Products */;
			projectDirPath = "";
			projectRoot = "";
			targets = (
				1FC453432013B92E00DBF2B2 /* EPI */,
				1FF2CA8F20279DA500801650 /* UnitTests */,
			);
		};
/* End PBXProject section */

/* Begin PBXSourcesBuildPhase section */
		1FC453402013B92E00DBF2B2 /* Sources */ = {
			isa = PBXSourcesBuildPhase;
			buildActionMask = 2147483647;
			files = (
				1F014A8620266CAF00D3A303 /* Solution1.cpp in Sources */,
				1F817BE1201407AD004B1C9D /* Solution3.cpp in Sources */,
				1FC4535D2013CC2600DBF2B2 /* Solution2.cpp in Sources */,
				1F014A8D202682F300D3A303 /* Solution2.cpp in Sources */,
				1F2DD8B22030F2E300009B8B /* Solution1.cpp in Sources */,
				1FDCFB9C2026B9AC00F0332F /* Solution3.cpp in Sources */,
				1FC453522013B9FC00DBF2B2 /* Solution1.cpp in Sources */,
				1FC453482013B92E00DBF2B2 /* main.cpp in Sources */,
			);
			runOnlyForDeploymentPostprocessing = 0;
		};
		1FF2CA8C20279DA500801650 /* Sources */ = {
			isa = PBXSourcesBuildPhase;
			buildActionMask = 2147483647;
			files = (
				1F2DD8B32030F41000009B8B /* Solution1.cpp in Sources */,
				1F2DD8AE2030F06700009B8B /* BuyAndSellAStockOnceTests.cpp in Sources */,
				1F5F20F1202FADF000B7439B /* Solution1.cpp in Sources */,
				1F5F20F2202FADF000B7439B /* Solution2.cpp in Sources */,
				1F5F20F3202FADF000B7439B /* Solution3.cpp in Sources */,
				1F5F20F4202FADF000B7439B /* Solution1.cpp in Sources */,
				1F5F20F5202FADF000B7439B /* Solution2.cpp in Sources */,
				1F5F20F7202FAE8800B7439B /* ParityOfAWordTests.cpp in Sources */,
				1F5F20FF202FB55500B7439B /* DutchFlagProblemTests.cpp in Sources */,
				1F5F20F6202FADF000B7439B /* Solution3.cpp in Sources */,
				1FF2CA9320279DA500801650 /* main.cpp in Sources */,
			);
			runOnlyForDeploymentPostprocessing = 0;
		};
/* End PBXSourcesBuildPhase section */

/* Begin XCBuildConfiguration section */
		1FC453492013B92E00DBF2B2 /* Debug */ = {
			isa = XCBuildConfiguration;
			buildSettings = {
				ALWAYS_SEARCH_USER_PATHS = NO;
				CLANG_ANALYZER_NONNULL = YES;
				CLANG_ANALYZER_NUMBER_OBJECT_CONVERSION = YES_AGGRESSIVE;
				CLANG_CXX_LANGUAGE_STANDARD = "gnu++14";
				CLANG_CXX_LIBRARY = "libc++";
				CLANG_ENABLE_MODULES = YES;
				CLANG_ENABLE_OBJC_ARC = YES;
				CLANG_WARN_BLOCK_CAPTURE_AUTORELEASING = YES;
				CLANG_WARN_BOOL_CONVERSION = YES;
				CLANG_WARN_COMMA = YES;
				CLANG_WARN_CONSTANT_CONVERSION = YES;
				CLANG_WARN_DIRECT_OBJC_ISA_USAGE = YES_ERROR;
				CLANG_WARN_DOCUMENTATION_COMMENTS = YES;
				CLANG_WARN_EMPTY_BODY = YES;
				CLANG_WARN_ENUM_CONVERSION = YES;
				CLANG_WARN_INFINITE_RECURSION = YES;
				CLANG_WARN_INT_CONVERSION = YES;
				CLANG_WARN_NON_LITERAL_NULL_CONVERSION = YES;
				CLANG_WARN_OBJC_LITERAL_CONVERSION = YES;
				CLANG_WARN_OBJC_ROOT_CLASS = YES_ERROR;
				CLANG_WARN_RANGE_LOOP_ANALYSIS = YES;
				CLANG_WARN_STRICT_PROTOTYPES = YES;
				CLANG_WARN_SUSPICIOUS_MOVE = YES;
				CLANG_WARN_UNGUARDED_AVAILABILITY = YES_AGGRESSIVE;
				CLANG_WARN_UNREACHABLE_CODE = YES;
				CLANG_WARN__DUPLICATE_METHOD_MATCH = YES;
				CODE_SIGN_IDENTITY = "-";
				COPY_PHASE_STRIP = NO;
				DEBUG_INFORMATION_FORMAT = dwarf;
				ENABLE_STRICT_OBJC_MSGSEND = YES;
				ENABLE_TESTABILITY = YES;
				GCC_C_LANGUAGE_STANDARD = gnu11;
				GCC_DYNAMIC_NO_PIC = NO;
				GCC_NO_COMMON_BLOCKS = YES;
				GCC_OPTIMIZATION_LEVEL = 0;
				GCC_PREPROCESSOR_DEFINITIONS = (
					"DEBUG=1",
					"$(inherited)",
				);
				GCC_WARN_64_TO_32_BIT_CONVERSION = YES;
				GCC_WARN_ABOUT_RETURN_TYPE = YES_ERROR;
				GCC_WARN_UNDECLARED_SELECTOR = YES;
				GCC_WARN_UNINITIALIZED_AUTOS = YES_AGGRESSIVE;
				GCC_WARN_UNUSED_FUNCTION = YES;
				GCC_WARN_UNUSED_VARIABLE = YES;
				MACOSX_DEPLOYMENT_TARGET = 10.13;
				MTL_ENABLE_DEBUG_INFO = YES;
				ONLY_ACTIVE_ARCH = YES;
				SDKROOT = macosx;
			};
			name = Debug;
		};
		1FC4534A2013B92E00DBF2B2 /* Release */ = {
			isa = XCBuildConfiguration;
			buildSettings = {
				ALWAYS_SEARCH_USER_PATHS = NO;
				CLANG_ANALYZER_NONNULL = YES;
				CLANG_ANALYZER_NUMBER_OBJECT_CONVERSION = YES_AGGRESSIVE;
				CLANG_CXX_LANGUAGE_STANDARD = "gnu++14";
				CLANG_CXX_LIBRARY = "libc++";
				CLANG_ENABLE_MODULES = YES;
				CLANG_ENABLE_OBJC_ARC = YES;
				CLANG_WARN_BLOCK_CAPTURE_AUTORELEASING = YES;
				CLANG_WARN_BOOL_CONVERSION = YES;
				CLANG_WARN_COMMA = YES;
				CLANG_WARN_CONSTANT_CONVERSION = YES;
				CLANG_WARN_DIRECT_OBJC_ISA_USAGE = YES_ERROR;
				CLANG_WARN_DOCUMENTATION_COMMENTS = YES;
				CLANG_WARN_EMPTY_BODY = YES;
				CLANG_WARN_ENUM_CONVERSION = YES;
				CLANG_WARN_INFINITE_RECURSION = YES;
				CLANG_WARN_INT_CONVERSION = YES;
				CLANG_WARN_NON_LITERAL_NULL_CONVERSION = YES;
				CLANG_WARN_OBJC_LITERAL_CONVERSION = YES;
				CLANG_WARN_OBJC_ROOT_CLASS = YES_ERROR;
				CLANG_WARN_RANGE_LOOP_ANALYSIS = YES;
				CLANG_WARN_STRICT_PROTOTYPES = YES;
				CLANG_WARN_SUSPICIOUS_MOVE = YES;
				CLANG_WARN_UNGUARDED_AVAILABILITY = YES_AGGRESSIVE;
				CLANG_WARN_UNREACHABLE_CODE = YES;
				CLANG_WARN__DUPLICATE_METHOD_MATCH = YES;
				CODE_SIGN_IDENTITY = "-";
				COPY_PHASE_STRIP = NO;
				DEBUG_INFORMATION_FORMAT = "dwarf-with-dsym";
				ENABLE_NS_ASSERTIONS = NO;
				ENABLE_STRICT_OBJC_MSGSEND = YES;
				GCC_C_LANGUAGE_STANDARD = gnu11;
				GCC_NO_COMMON_BLOCKS = YES;
				GCC_WARN_64_TO_32_BIT_CONVERSION = YES;
				GCC_WARN_ABOUT_RETURN_TYPE = YES_ERROR;
				GCC_WARN_UNDECLARED_SELECTOR = YES;
				GCC_WARN_UNINITIALIZED_AUTOS = YES_AGGRESSIVE;
				GCC_WARN_UNUSED_FUNCTION = YES;
				GCC_WARN_UNUSED_VARIABLE = YES;
				MACOSX_DEPLOYMENT_TARGET = 10.13;
				MTL_ENABLE_DEBUG_INFO = NO;
				SDKROOT = macosx;
			};
			name = Release;
		};
		1FC4534C2013B92E00DBF2B2 /* Debug */ = {
			isa = XCBuildConfiguration;
			buildSettings = {
				CODE_SIGN_STYLE = Automatic;
				FRAMEWORK_SEARCH_PATHS = (
					"$(inherited)",
					"$(PROJECT_DIR)",
				);
				PRODUCT_NAME = "$(TARGET_NAME)";
			};
			name = Debug;
		};
		1FC4534D2013B92E00DBF2B2 /* Release */ = {
			isa = XCBuildConfiguration;
			buildSettings = {
				CODE_SIGN_STYLE = Automatic;
				FRAMEWORK_SEARCH_PATHS = (
					"$(inherited)",
					"$(PROJECT_DIR)",
				);
				PRODUCT_NAME = "$(TARGET_NAME)";
			};
			name = Release;
		};
		1FF2CA9520279DA500801650 /* Debug */ = {
			isa = XCBuildConfiguration;
			buildSettings = {
				CODE_SIGN_STYLE = Automatic;
				FRAMEWORK_SEARCH_PATHS = (
					"$(inherited)",
					"$(PROJECT_DIR)",
				);
				PRODUCT_NAME = "$(TARGET_NAME)";
			};
			name = Debug;
		};
		1FF2CA9620279DA500801650 /* Release */ = {
			isa = XCBuildConfiguration;
			buildSettings = {
				CODE_SIGN_STYLE = Automatic;
				FRAMEWORK_SEARCH_PATHS = (
					"$(inherited)",
					"$(PROJECT_DIR)",
				);
				PRODUCT_NAME = "$(TARGET_NAME)";
			};
			name = Release;
		};
/* End XCBuildConfiguration section */

/* Begin XCConfigurationList section */
		1FC4533F2013B92E00DBF2B2 /* Build configuration list for PBXProject "EPI" */ = {
			isa = XCConfigurationList;
			buildConfigurations = (
				1FC453492013B92E00DBF2B2 /* Debug */,
				1FC4534A2013B92E00DBF2B2 /* Release */,
			);
			defaultConfigurationIsVisible = 0;
			defaultConfigurationName = Release;
		};
		1FC4534B2013B92E00DBF2B2 /* Build configuration list for PBXNativeTarget "EPI" */ = {
			isa = XCConfigurationList;
			buildConfigurations = (
				1FC4534C2013B92E00DBF2B2 /* Debug */,
				1FC4534D2013B92E00DBF2B2 /* Release */,
			);
			defaultConfigurationIsVisible = 0;
			defaultConfigurationName = Release;
		};
		1FF2CA9420279DA500801650 /* Build configuration list for PBXNativeTarget "UnitTests" */ = {
			isa = XCConfigurationList;
			buildConfigurations = (
				1FF2CA9520279DA500801650 /* Debug */,
				1FF2CA9620279DA500801650 /* Release */,
			);
			defaultConfigurationIsVisible = 0;
			defaultConfigurationName = Release;
		};
/* End XCConfigurationList section */
	};
	rootObject = 1FC4533C2013B92E00DBF2B2 /* Project object */;
}
